
Microsoft Visual Studio Solution File, Format Version 12.00
# Visual Studio Version 17
VisualStudioVersion = 17.10.34928.147
MinimumVisualStudioVersion = 10.0.40219.1
Project("{9A19103F-16F7-4668-BE54-9A1E7A4F7556}") = "RoslynCodeConverterClientLibrary", "RoslynCodeConverterClientLibrary\RoslynCodeConverterClientLibrary.csproj", "{B0EEAE9B-3DB8-4791-8472-54F0A98F9C66}"
EndProject
Project("{9A19103F-16F7-4668-BE54-9A1E7A4F7556}") = "CodeConverterSingleFile", "CodeConverterSingleFile\CodeConverterSingleFile.csproj", "{1E41D114-B7A9-4B14-827F-B5CD4A4F3146}"
EndProject
Global
	GlobalSection(SolutionConfigurationPlatforms) = preSolution
		Debug|Any CPU = Debug|Any CPU
		Release|Any CPU = Release|Any CPU
	EndGlobalSection
	GlobalSection(ProjectConfigurationPlatforms) = postSolution
		{B0EEAE9B-3DB8-4791-8472-54F0A98F9C66}.Debug|Any CPU.ActiveCfg = Debug|Any CPU
		{B0EEAE9B-3DB8-4791-8472-54F0A98F9C66}.Debug|Any CPU.Build.0 = Debug|Any CPU
		{B0EEAE9B-3DB8-4791-8472-54F0A98F9C66}.Release|Any CPU.ActiveCfg = Release|Any CPU
		{B0EEAE9B-3DB8-4791-8472-54F0A98F9C66}.Release|Any CPU.Build.0 = Release|Any CPU
		{1E41D114-B7A9-4B14-827F-B5CD4A4F3146}.Debug|Any CPU.ActiveCfg = Debug|Any CPU
		{1E41D114-B7A9-4B14-827F-B5CD4A4F3146}.Debug|Any CPU.Build.0 = Debug|Any CPU
		{1E41D114-B7A9-4B14-827F-B5CD4A4F3146}.Release|Any CPU.ActiveCfg = Release|Any CPU
		{1E41D114-B7A9-4B14-827F-B5CD4A4F3146}.Release|Any CPU.Build.0 = Release|Any CPU
		{9195F2CB-B907-4E19-A5AF-80EDC14AECB3}.Debug|Any CPU.ActiveCfg = Debug|Any CPU
		{9195F2CB-B907-4E19-A5AF-80EDC14AECB3}.Debug|Any CPU.Build.0 = Debug|Any CPU
		{9195F2CB-B907-4E19-A5AF-80EDC14AECB3}.Release|Any CPU.ActiveCfg = Release|Any CPU
		{9195F2CB-B907-4E19-A5AF-80EDC14AECB3}.Release|Any CPU.Build.0 = Release|Any CPU
		{6D437099-4760-478D-AFB2-170DC73F1092}.Debug|Any CPU.ActiveCfg = Debug|Any CPU
		{6D437099-4760-478D-AFB2-170DC73F1092}.Debug|Any CPU.Build.0 = Debug|Any CPU
		{6D437099-4760-478D-AFB2-170DC73F1092}.Release|Any CPU.ActiveCfg = Release|Any CPU
		{6D437099-4760-478D-AFB2-170DC73F1092}.Release|Any CPU.Build.0 = Release|Any CPU
	EndGlobalSection
	GlobalSection(SolutionProperties) = preSolution
		HideSolutionNode = FALSE
	EndGlobalSection
EndGlobal
